
Microsoft Visual Studio Solution File, Format Version 11.00
# Visual Studio 2010
Project("{FAE04EC0-301F-11D3-BF4B-00C04F79EFBC}") = "League Of Legends Timer G15", "League Of Legends Timer G15.csproj", "{2F249877-0F71-449E-8086-F87567A1018B}"
EndProject
Global
	GlobalSection(SolutionConfigurationPlatforms) = preSolution
		Debug|Any CPU = Debug|Any CPU
		Release|Any CPU = Release|Any CPU
	EndGlobalSection
	GlobalSection(ProjectConfigurationPlatforms) = postSolution
		{2F249877-0F71-449E-8086-F87567A1018B}.Debug|Any CPU.ActiveCfg = Debug|Any CPU
		{2F249877-0F71-449E-8086-F87567A1018B}.Debug|Any CPU.Build.0 = Debug|Any CPU
		{2F249877-0F71-449E-8086-F87567A1018B}.Release|Any CPU.ActiveCfg = Release|Any CPU
		{2F249877-0F71-449E-8086-F87567A1018B}.Release|Any CPU.Build.0 = Release|Any CPU
	EndGlobalSection
	GlobalSection(SolutionProperties) = preSolution
		HideSolutionNode = FALSE
	EndGlobalSection
EndGlobal
